
Microsoft Visual Studio Solution File, Format Version 12.00
# Visual Studio Version 17
VisualStudioVersion = 17.8.34316.72
MinimumVisualStudioVersion = 10.0.40219.1
Project("{9A19103F-16F7-4668-BE54-9A1E7A4F7556}") = "DigitalWallet", "DigitalWallet\DigitalWallet.csproj", "{9EE83D14-914C-4245-B97F-786941C044B1}"
EndProject
Project("{9A19103F-16F7-4668-BE54-9A1E7A4F7556}") = "DigitalWallet.Data", "DigitalWallet.Data\DigitalWallet.Data.csproj", "{8EC83CE6-7D8F-4436-ACBC-F596EF508C26}"
EndProject
Project("{9A19103F-16F7-4668-BE54-9A1E7A4F7556}") = "DigitalWallet.Services", "DigitalWallet.Services\DigitalWallet.Services.csproj", "{33E164F4-41A0-449E-82AA-7EC584914D11}"
EndProject
Global
	GlobalSection(SolutionConfigurationPlatforms) = preSolution
		Debug|Any CPU = Debug|Any CPU
		Release|Any CPU = Release|Any CPU
	EndGlobalSection
	GlobalSection(ProjectConfigurationPlatforms) = postSolution
		{9EE83D14-914C-4245-B97F-786941C044B1}.Debug|Any CPU.ActiveCfg = Debug|Any CPU
		{9EE83D14-914C-4245-B97F-786941C044B1}.Debug|Any CPU.Build.0 = Debug|Any CPU
		{9EE83D14-914C-4245-B97F-786941C044B1}.Release|Any CPU.ActiveCfg = Release|Any CPU
		{9EE83D14-914C-4245-B97F-786941C044B1}.Release|Any CPU.Build.0 = Release|Any CPU
		{8EC83CE6-7D8F-4436-ACBC-F596EF508C26}.Debug|Any CPU.ActiveCfg = Debug|Any CPU
		{8EC83CE6-7D8F-4436-ACBC-F596EF508C26}.Debug|Any CPU.Build.0 = Debug|Any CPU
		{8EC83CE6-7D8F-4436-ACBC-F596EF508C26}.Release|Any CPU.ActiveCfg = Release|Any CPU
		{8EC83CE6-7D8F-4436-ACBC-F596EF508C26}.Release|Any CPU.Build.0 = Release|Any CPU
		{33E164F4-41A0-449E-82AA-7EC584914D11}.Debug|Any CPU.ActiveCfg = Debug|Any CPU
		{33E164F4-41A0-449E-82AA-7EC584914D11}.Debug|Any CPU.Build.0 = Debug|Any CPU
		{33E164F4-41A0-449E-82AA-7EC584914D11}.Release|Any CPU.ActiveCfg = Release|Any CPU
		{33E164F4-41A0-449E-82AA-7EC584914D11}.Release|Any CPU.Build.0 = Release|Any CPU
	EndGlobalSection
	GlobalSection(SolutionProperties) = preSolution
		HideSolutionNode = FALSE
	EndGlobalSection
	GlobalSection(ExtensibilityGlobals) = postSolution
		SolutionGuid = {879D5E8D-6B7E-492F-84EE-ABB5BB8CA818}
	EndGlobalSection
EndGlobal
